
Microsoft Visual Studio Solution File, Format Version 12.00
# Visual Studio Version 17
VisualStudioVersion = 17.2.32630.192
MinimumVisualStudioVersion = 10.0.40219.1
Project("{9A19103F-16F7-4668-BE54-9A1E7A4F7556}") = "R5T.S0047", "R5T.S0047\R5T.S0047.csproj", "{F6305D52-19BA-4A52-BF55-3EBA994BD979}"
EndProject
Project("{2150E333-8FDC-42A3-9474-1A3956D46DE8}") = "_Dependencies", "_Dependencies", "{E5C314AD-994B-4620-9A4F-C242854C818C}"
EndProject
Project("{9A19103F-16F7-4668-BE54-9A1E7A4F7556}") = "R5T.F0037", "..\..\R5T.F0037\source\R5T.F0037\R5T.F0037.csproj", "{2B1F0D59-5EAF-496D-8A37-9B91C91A0021}"
EndProject
Project("{9A19103F-16F7-4668-BE54-9A1E7A4F7556}") = "R5T.F0035", "..\..\R5T.F0035\source\R5T.F0035\R5T.F0035.csproj", "{5342CEC9-5E78-4938-91F4-3FBD24994504}"
EndProject
Project("{9A19103F-16F7-4668-BE54-9A1E7A4F7556}") = "R5T.T0064", "..\..\R5T.T0064\source\R5T.T0064\R5T.T0064.csproj", "{88016B01-5B1D-4230-9AE0-79734FAA7FCC}"
EndProject
Project("{9A19103F-16F7-4668-BE54-9A1E7A4F7556}") = "R5T.F0064", "..\..\R5T.F0064\source\R5T.F0064\R5T.F0064.csproj", "{8E3FF6CB-D289-4834-83E6-1395287E5909}"
EndProject
Project("{9A19103F-16F7-4668-BE54-9A1E7A4F7556}") = "R5T.F0000", "..\..\R5T.F0000\source\R5T.F0000\R5T.F0000.csproj", "{99811EF8-1889-42E6-8B58-B1DAA32F589F}"
EndProject
Project("{9A19103F-16F7-4668-BE54-9A1E7A4F7556}") = "R5T.F0028", "..\..\R5T.F0028\source\R5T.F0028\R5T.F0028.csproj", "{33730B5A-0DC3-43E8-8CE2-7D9BADCEA3DD}"
EndProject
Project("{9A19103F-16F7-4668-BE54-9A1E7A4F7556}") = "R5T.F0036.F000", "..\..\R5T.F0036\source\R5T.F0036.F000\R5T.F0036.F000.csproj", "{0B166B4E-726D-4194-99E2-F41579981135}"
EndProject
Project("{9A19103F-16F7-4668-BE54-9A1E7A4F7556}") = "R5T.F0036.F001", "..\..\R5T.F0036\source\R5T.F0036.F001\R5T.F0036.F001.csproj", "{0BCFF096-8999-4B43-8A97-369755286ABA}"
EndProject
Project("{9A19103F-16F7-4668-BE54-9A1E7A4F7556}") = "R5T.F0036.F002", "..\..\R5T.F0036\source\R5T.F0036.F002\R5T.F0036.F002.csproj", "{7B62F7D1-4190-4A65-8F4B-E45C329364AE}"
EndProject
Project("{9A19103F-16F7-4668-BE54-9A1E7A4F7556}") = "R5T.F0036.T000", "..\..\R5T.F0036\source\R5T.F0036.T000\R5T.F0036.T000.csproj", "{52C235CA-C753-44ED-8E73-B31DCF5D5536}"
EndProject
Project("{9A19103F-16F7-4668-BE54-9A1E7A4F7556}") = "R5T.F0036", "..\..\R5T.F0036\source\R5T.F0036\R5T.F0036.csproj", "{D0A6827B-D596-4B2A-B5A6-225CB899642E}"
EndProject
Project("{9A19103F-16F7-4668-BE54-9A1E7A4F7556}") = "R5T.NG0002", "..\..\R5T.NG0002\source\R5T.NG0002\R5T.NG0002.csproj", "{D2137C63-A020-42C2-B714-11A335544445}"
EndProject
Project("{9A19103F-16F7-4668-BE54-9A1E7A4F7556}") = "R5T.NG0003", "..\..\R5T.NG0003\source\R5T.NG0003\R5T.NG0003.csproj", "{F527CB00-98E3-4865-90B5-B88047A0BDDD}"
EndProject
Project("{9A19103F-16F7-4668-BE54-9A1E7A4F7556}") = "R5T.T0131", "..\..\R5T.T0131\source\R5T.T0131\R5T.T0131.csproj", "{85FF6EB1-F1CB-457E-95F3-B401324C4472}"
EndProject
Project("{9A19103F-16F7-4668-BE54-9A1E7A4F7556}") = "R5T.T0132", "..\..\R5T.T0132\source\R5T.T0132\R5T.T0132.csproj", "{05B7EE4B-D2A6-41F3-B100-14CF70E23836}"
EndProject
Project("{9A19103F-16F7-4668-BE54-9A1E7A4F7556}") = "R5T.T0142", "..\..\R5T.T0142\source\R5T.T0142\R5T.T0142.csproj", "{BABD4B53-77DA-4460-9091-EACBF5BBE38C}"
EndProject
Project("{9A19103F-16F7-4668-BE54-9A1E7A4F7556}") = "R5T.T0143", "..\..\R5T.T0143\source\R5T.T0143\R5T.T0143.csproj", "{B54900B3-9B5B-4CDB-95CA-D0813AFC3FA6}"
EndProject
Project("{9A19103F-16F7-4668-BE54-9A1E7A4F7556}") = "R5T.T0147.T000", "..\..\R5T.T0147\source\R5T.T0147.T000\R5T.T0147.T000.csproj", "{321A0DCD-30B0-4229-A08D-09CA058AB502}"
EndProject
Project("{9A19103F-16F7-4668-BE54-9A1E7A4F7556}") = "R5T.Y0000", "..\..\R5T.Y0000\source\R5T.Y0000\R5T.Y0000.csproj", "{D9733CE7-E956-4658-A82D-484778A39DA6}"
EndProject
Project("{9A19103F-16F7-4668-BE54-9A1E7A4F7556}") = "R5T.Z0000", "..\..\R5T.Z0000\source\R5T.Z0000\R5T.Z0000.csproj", "{B023683A-6328-4EF3-AFA6-86D65363352E}"
EndProject
Project("{9A19103F-16F7-4668-BE54-9A1E7A4F7556}") = "R5T.F0075", "..\..\R5T.F0075\source\R5T.F0075\R5T.F0075.csproj", "{5170C9CB-805E-4D62-9A5E-5237F261EC76}"
EndProject
Project("{9A19103F-16F7-4668-BE54-9A1E7A4F7556}") = "R5T.F0002", "..\..\R5T.F0002\source\R5T.F0002\R5T.F0002.csproj", "{4C6BE94E-5672-4264-B5EF-04236659B333}"
EndProject
Project("{9A19103F-16F7-4668-BE54-9A1E7A4F7556}") = "R5T.F0017.F002", "..\..\R5T.F0017\source\R5T.F0017.F002\R5T.F0017.F002.csproj", "{B68F564A-BE06-4420-954F-BE8F89AD75DC}"
EndProject
Project("{9A19103F-16F7-4668-BE54-9A1E7A4F7556}") = "R5T.F0032", "..\..\R5T.F0032\source\R5T.F0032\R5T.F0032.csproj", "{CB761E2A-A562-490A-B2D0-C2586CCEA959}"
EndProject
Project("{9A19103F-16F7-4668-BE54-9A1E7A4F7556}") = "R5T.F0074", "..\..\R5T.F0074\source\R5T.F0074\R5T.F0074.csproj", "{F5F6746E-92B4-422E-B9D7-DC652C42964F}"
EndProject
Project("{9A19103F-16F7-4668-BE54-9A1E7A4F7556}") = "R5T.NG0008", "..\..\R5T.NG0008\source\R5T.NG0008\R5T.NG0008.csproj", "{5BAD4D7E-543C-44EB-AE19-068F45843D8C}"
EndProject
Project("{9A19103F-16F7-4668-BE54-9A1E7A4F7556}") = "R5T.NG0013", "..\..\R5T.NG0013\source\R5T.NG0013\R5T.NG0013.csproj", "{E00BBC2D-0BDC-4129-AA63-EA7FB77E922E}"
EndProject
Project("{9A19103F-16F7-4668-BE54-9A1E7A4F7556}") = "R5T.T0146", "..\..\R5T.T0146\source\R5T.T0146\R5T.T0146.csproj", "{CE432981-160E-4267-8AE1-5D434DC07494}"
EndProject
Project("{9A19103F-16F7-4668-BE54-9A1E7A4F7556}") = "R5T.T0150", "..\..\R5T.T0150\source\R5T.T0150\R5T.T0150.csproj", "{93A9E677-C006-45A3-BB40-3365357A4EC5}"
EndProject
Project("{9A19103F-16F7-4668-BE54-9A1E7A4F7556}") = "R5T.T0151", "..\..\R5T.T0151\source\R5T.T0151\R5T.T0151.csproj", "{C599504E-2DB7-48F0-BD2B-01155A59EDD6}"
EndProject
Project("{9A19103F-16F7-4668-BE54-9A1E7A4F7556}") = "R5T.Z0017", "..\..\R5T.Z0017.Private\source\R5T.Z0017\R5T.Z0017.csproj", "{56EA9831-DDE8-4F74-B235-18819C18CA77}"
EndProject
Global
	GlobalSection(SolutionConfigurationPlatforms) = preSolution
		Debug|Any CPU = Debug|Any CPU
		Release|Any CPU = Release|Any CPU
	EndGlobalSection
	GlobalSection(ProjectConfigurationPlatforms) = postSolution
		{F6305D52-19BA-4A52-BF55-3EBA994BD979}.Debug|Any CPU.ActiveCfg = Debug|Any CPU
		{F6305D52-19BA-4A52-BF55-3EBA994BD979}.Debug|Any CPU.Build.0 = Debug|Any CPU
		{F6305D52-19BA-4A52-BF55-3EBA994BD979}.Release|Any CPU.ActiveCfg = Release|Any CPU
		{F6305D52-19BA-4A52-BF55-3EBA994BD979}.Release|Any CPU.Build.0 = Release|Any CPU
		{2B1F0D59-5EAF-496D-8A37-9B91C91A0021}.Debug|Any CPU.ActiveCfg = Debug|Any CPU
		{2B1F0D59-5EAF-496D-8A37-9B91C91A0021}.Debug|Any CPU.Build.0 = Debug|Any CPU
		{2B1F0D59-5EAF-496D-8A37-9B91C91A0021}.Release|Any CPU.ActiveCfg = Release|Any CPU
		{2B1F0D59-5EAF-496D-8A37-9B91C91A0021}.Release|Any CPU.Build.0 = Release|Any CPU
		{5342CEC9-5E78-4938-91F4-3FBD24994504}.Debug|Any CPU.ActiveCfg = Debug|Any CPU
		{5342CEC9-5E78-4938-91F4-3FBD24994504}.Debug|Any CPU.Build.0 = Debug|Any CPU
		{5342CEC9-5E78-4938-91F4-3FBD24994504}.Release|Any CPU.ActiveCfg = Release|Any CPU
		{5342CEC9-5E78-4938-91F4-3FBD24994504}.Release|Any CPU.Build.0 = Release|Any CPU
		{88016B01-5B1D-4230-9AE0-79734FAA7FCC}.Debug|Any CPU.ActiveCfg = Debug|Any CPU
		{88016B01-5B1D-4230-9AE0-79734FAA7FCC}.Debug|Any CPU.Build.0 = Debug|Any CPU
		{88016B01-5B1D-4230-9AE0-79734FAA7FCC}.Release|Any CPU.ActiveCfg = Release|Any CPU
		{88016B01-5B1D-4230-9AE0-79734FAA7FCC}.Release|Any CPU.Build.0 = Release|Any CPU
		{8E3FF6CB-D289-4834-83E6-1395287E5909}.Debug|Any CPU.ActiveCfg = Debug|Any CPU
		{8E3FF6CB-D289-4834-83E6-1395287E5909}.Debug|Any CPU.Build.0 = Debug|Any CPU
		{8E3FF6CB-D289-4834-83E6-1395287E5909}.Release|Any CPU.ActiveCfg = Release|Any CPU
		{8E3FF6CB-D289-4834-83E6-1395287E5909}.Release|Any CPU.Build.0 = Release|Any CPU
		{99811EF8-1889-42E6-8B58-B1DAA32F589F}.Debug|Any CPU.ActiveCfg = Debug|Any CPU
		{99811EF8-1889-42E6-8B58-B1DAA32F589F}.Debug|Any CPU.Build.0 = Debug|Any CPU
		{99811EF8-1889-42E6-8B58-B1DAA32F589F}.Release|Any CPU.ActiveCfg = Release|Any CPU
		{99811EF8-1889-42E6-8B58-B1DAA32F589F}.Release|Any CPU.Build.0 = Release|Any CPU
		{33730B5A-0DC3-43E8-8CE2-7D9BADCEA3DD}.Debug|Any CPU.ActiveCfg = Debug|Any CPU
		{33730B5A-0DC3-43E8-8CE2-7D9BADCEA3DD}.Debug|Any CPU.Build.0 = Debug|Any CPU
		{33730B5A-0DC3-43E8-8CE2-7D9BADCEA3DD}.Release|Any CPU.ActiveCfg = Release|Any CPU
		{33730B5A-0DC3-43E8-8CE2-7D9BADCEA3DD}.Release|Any CPU.Build.0 = Release|Any CPU
		{0B166B4E-726D-4194-99E2-F41579981135}.Debug|Any CPU.ActiveCfg = Debug|Any CPU
		{0B166B4E-726D-4194-99E2-F41579981135}.Debug|Any CPU.Build.0 = Debug|Any CPU
		{0B166B4E-726D-4194-99E2-F41579981135}.Release|Any CPU.ActiveCfg = Release|Any CPU
		{0B166B4E-726D-4194-99E2-F41579981135}.Release|Any CPU.Build.0 = Release|Any CPU
		{0BCFF096-8999-4B43-8A97-369755286ABA}.Debug|Any CPU.ActiveCfg = Debug|Any CPU
		{0BCFF096-8999-4B43-8A97-369755286ABA}.Debug|Any CPU.Build.0 = Debug|Any CPU
		{0BCFF096-8999-4B43-8A97-369755286ABA}.Release|Any CPU.ActiveCfg = Release|Any CPU
		{0BCFF096-8999-4B43-8A97-369755286ABA}.Release|Any CPU.Build.0 = Release|Any CPU
		{7B62F7D1-4190-4A65-8F4B-E45C329364AE}.Debug|Any CPU.ActiveCfg = Debug|Any CPU
		{7B62F7D1-4190-4A65-8F4B-E45C329364AE}.Debug|Any CPU.Build.0 = Debug|Any CPU
		{7B62F7D1-4190-4A65-8F4B-E45C329364AE}.Release|Any CPU.ActiveCfg = Release|Any CPU
		{7B62F7D1-4190-4A65-8F4B-E45C329364AE}.Release|Any CPU.Build.0 = Release|Any CPU
		{52C235CA-C753-44ED-8E73-B31DCF5D5536}.Debug|Any CPU.ActiveCfg = Debug|Any CPU
		{52C235CA-C753-44ED-8E73-B31DCF5D5536}.Debug|Any CPU.Build.0 = Debug|Any CPU
		{52C235CA-C753-44ED-8E73-B31DCF5D5536}.Release|Any CPU.ActiveCfg = Release|Any CPU
		{52C235CA-C753-44ED-8E73-B31DCF5D5536}.Release|Any CPU.Build.0 = Release|Any CPU
		{D0A6827B-D596-4B2A-B5A6-225CB899642E}.Debug|Any CPU.ActiveCfg = Debug|Any CPU
		{D0A6827B-D596-4B2A-B5A6-225CB899642E}.Debug|Any CPU.Build.0 = Debug|Any CPU
		{D0A6827B-D596-4B2A-B5A6-225CB899642E}.Release|Any CPU.ActiveCfg = Release|Any CPU
		{D0A6827B-D596-4B2A-B5A6-225CB899642E}.Release|Any CPU.Build.0 = Release|Any CPU
		{D2137C63-A020-42C2-B714-11A335544445}.Debug|Any CPU.ActiveCfg = Debug|Any CPU
		{D2137C63-A020-42C2-B714-11A335544445}.Debug|Any CPU.Build.0 = Debug|Any CPU
		{D2137C63-A020-42C2-B714-11A335544445}.Release|Any CPU.ActiveCfg = Release|Any CPU
		{D2137C63-A020-42C2-B714-11A335544445}.Release|Any CPU.Build.0 = Release|Any CPU
		{F527CB00-98E3-4865-90B5-B88047A0BDDD}.Debug|Any CPU.ActiveCfg = Debug|Any CPU
		{F527CB00-98E3-4865-90B5-B88047A0BDDD}.Debug|Any CPU.Build.0 = Debug|Any CPU
		{F527CB00-98E3-4865-90B5-B88047A0BDDD}.Release|Any CPU.ActiveCfg = Release|Any CPU
		{F527CB00-98E3-4865-90B5-B88047A0BDDD}.Release|Any CPU.Build.0 = Release|Any CPU
		{85FF6EB1-F1CB-457E-95F3-B401324C4472}.Debug|Any CPU.ActiveCfg = Debug|Any CPU
		{85FF6EB1-F1CB-457E-95F3-B401324C4472}.Debug|Any CPU.Build.0 = Debug|Any CPU
		{85FF6EB1-F1CB-457E-95F3-B401324C4472}.Release|Any CPU.ActiveCfg = Release|Any CPU
		{85FF6EB1-F1CB-457E-95F3-B401324C4472}.Release|Any CPU.Build.0 = Release|Any CPU
		{05B7EE4B-D2A6-41F3-B100-14CF70E23836}.Debug|Any CPU.ActiveCfg = Debug|Any CPU
		{05B7EE4B-D2A6-41F3-B100-14CF70E23836}.Debug|Any CPU.Build.0 = Debug|Any CPU
		{05B7EE4B-D2A6-41F3-B100-14CF70E23836}.Release|Any CPU.ActiveCfg = Release|Any CPU
		{05B7EE4B-D2A6-41F3-B100-14CF70E23836}.Release|Any CPU.Build.0 = Release|Any CPU
		{BABD4B53-77DA-4460-9091-EACBF5BBE38C}.Debug|Any CPU.ActiveCfg = Debug|Any CPU
		{BABD4B53-77DA-4460-9091-EACBF5BBE38C}.Debug|Any CPU.Build.0 = Debug|Any CPU
		{BABD4B53-77DA-4460-9091-EACBF5BBE38C}.Release|Any CPU.ActiveCfg = Release|Any CPU
		{BABD4B53-77DA-4460-9091-EACBF5BBE38C}.Release|Any CPU.Build.0 = Release|Any CPU
		{B54900B3-9B5B-4CDB-95CA-D0813AFC3FA6}.Debug|Any CPU.ActiveCfg = Debug|Any CPU
		{B54900B3-9B5B-4CDB-95CA-D0813AFC3FA6}.Debug|Any CPU.Build.0 = Debug|Any CPU
		{B54900B3-9B5B-4CDB-95CA-D0813AFC3FA6}.Release|Any CPU.ActiveCfg = Release|Any CPU
		{B54900B3-9B5B-4CDB-95CA-D0813AFC3FA6}.Release|Any CPU.Build.0 = Release|Any CPU
		{321A0DCD-30B0-4229-A08D-09CA058AB502}.Debug|Any CPU.ActiveCfg = Debug|Any CPU
		{321A0DCD-30B0-4229-A08D-09CA058AB502}.Debug|Any CPU.Build.0 = Debug|Any CPU
		{321A0DCD-30B0-4229-A08D-09CA058AB502}.Release|Any CPU.ActiveCfg = Release|Any CPU
		{321A0DCD-30B0-4229-A08D-09CA058AB502}.Release|Any CPU.Build.0 = Release|Any CPU
		{D9733CE7-E956-4658-A82D-484778A39DA6}.Debug|Any CPU.ActiveCfg = Debug|Any CPU
		{D9733CE7-E956-4658-A82D-484778A39DA6}.Debug|Any CPU.Build.0 = Debug|Any CPU
		{D9733CE7-E956-4658-A82D-484778A39DA6}.Release|Any CPU.ActiveCfg = Release|Any CPU
		{D9733CE7-E956-4658-A82D-484778A39DA6}.Release|Any CPU.Build.0 = Release|Any CPU
		{B023683A-6328-4EF3-AFA6-86D65363352E}.Debug|Any CPU.ActiveCfg = Debug|Any CPU
		{B023683A-6328-4EF3-AFA6-86D65363352E}.Debug|Any CPU.Build.0 = Debug|Any CPU
		{B023683A-6328-4EF3-AFA6-86D65363352E}.Release|Any CPU.ActiveCfg = Release|Any CPU
		{B023683A-6328-4EF3-AFA6-86D65363352E}.Release|Any CPU.Build.0 = Release|Any CPU
		{5170C9CB-805E-4D62-9A5E-5237F261EC76}.Debug|Any CPU.ActiveCfg = Debug|Any CPU
		{5170C9CB-805E-4D62-9A5E-5237F261EC76}.Debug|Any CPU.Build.0 = Debug|Any CPU
		{5170C9CB-805E-4D62-9A5E-5237F261EC76}.Release|Any CPU.ActiveCfg = Release|Any CPU
		{5170C9CB-805E-4D62-9A5E-5237F261EC76}.Release|Any CPU.Build.0 = Release|Any CPU
		{4C6BE94E-5672-4264-B5EF-04236659B333}.Debug|Any CPU.ActiveCfg = Debug|Any CPU
		{4C6BE94E-5672-4264-B5EF-04236659B333}.Debug|Any CPU.Build.0 = Debug|Any CPU
		{4C6BE94E-5672-4264-B5EF-04236659B333}.Release|Any CPU.ActiveCfg = Release|Any CPU
		{4C6BE94E-5672-4264-B5EF-04236659B333}.Release|Any CPU.Build.0 = Release|Any CPU
		{B68F564A-BE06-4420-954F-BE8F89AD75DC}.Debug|Any CPU.ActiveCfg = Debug|Any CPU
		{B68F564A-BE06-4420-954F-BE8F89AD75DC}.Debug|Any CPU.Build.0 = Debug|Any CPU
		{B68F564A-BE06-4420-954F-BE8F89AD75DC}.Release|Any CPU.ActiveCfg = Release|Any CPU
		{B68F564A-BE06-4420-954F-BE8F89AD75DC}.Release|Any CPU.Build.0 = Release|Any CPU
		{CB761E2A-A562-490A-B2D0-C2586CCEA959}.Debug|Any CPU.ActiveCfg = Debug|Any CPU
		{CB761E2A-A562-490A-B2D0-C2586CCEA959}.Debug|Any CPU.Build.0 = Debug|Any CPU
		{CB761E2A-A562-490A-B2D0-C2586CCEA959}.Release|Any CPU.ActiveCfg = Release|Any CPU
		{CB761E2A-A562-490A-B2D0-C2586CCEA959}.Release|Any CPU.Build.0 = Release|Any CPU
		{F5F6746E-92B4-422E-B9D7-DC652C42964F}.Debug|Any CPU.ActiveCfg = Debug|Any CPU
		{F5F6746E-92B4-422E-B9D7-DC652C42964F}.Debug|Any CPU.Build.0 = Debug|Any CPU
		{F5F6746E-92B4-422E-B9D7-DC652C42964F}.Release|Any CPU.ActiveCfg = Release|Any CPU
		{F5F6746E-92B4-422E-B9D7-DC652C42964F}.Release|Any CPU.Build.0 = Release|Any CPU
		{5BAD4D7E-543C-44EB-AE19-068F45843D8C}.Debug|Any CPU.ActiveCfg = Debug|Any CPU
		{5BAD4D7E-543C-44EB-AE19-068F45843D8C}.Debug|Any CPU.Build.0 = Debug|Any CPU
		{5BAD4D7E-543C-44EB-AE19-068F45843D8C}.Release|Any CPU.ActiveCfg = Release|Any CPU
		{5BAD4D7E-543C-44EB-AE19-068F45843D8C}.Release|Any CPU.Build.0 = Release|Any CPU
		{E00BBC2D-0BDC-4129-AA63-EA7FB77E922E}.Debug|Any CPU.ActiveCfg = Debug|Any CPU
		{E00BBC2D-0BDC-4129-AA63-EA7FB77E922E}.Debug|Any CPU.Build.0 = Debug|Any CPU
		{E00BBC2D-0BDC-4129-AA63-EA7FB77E922E}.Release|Any CPU.ActiveCfg = Release|Any CPU
		{E00BBC2D-0BDC-4129-AA63-EA7FB77E922E}.Release|Any CPU.Build.0 = Release|Any CPU
		{CE432981-160E-4267-8AE1-5D434DC07494}.Debug|Any CPU.ActiveCfg = Debug|Any CPU
		{CE432981-160E-4267-8AE1-5D434DC07494}.Debug|Any CPU.Build.0 = Debug|Any CPU
		{CE432981-160E-4267-8AE1-5D434DC07494}.Release|Any CPU.ActiveCfg = Release|Any CPU
		{CE432981-160E-4267-8AE1-5D434DC07494}.Release|Any CPU.Build.0 = Release|Any CPU
		{93A9E677-C006-45A3-BB40-3365357A4EC5}.Debug|Any CPU.ActiveCfg = Debug|Any CPU
		{93A9E677-C006-45A3-BB40-3365357A4EC5}.Debug|Any CPU.Build.0 = Debug|Any CPU
		{93A9E677-C006-45A3-BB40-3365357A4EC5}.Release|Any CPU.ActiveCfg = Release|Any CPU
		{93A9E677-C006-45A3-BB40-3365357A4EC5}.Release|Any CPU.Build.0 = Release|Any CPU
		{C599504E-2DB7-48F0-BD2B-01155A59EDD6}.Debug|Any CPU.ActiveCfg = Debug|Any CPU
		{C599504E-2DB7-48F0-BD2B-01155A59EDD6}.Debug|Any CPU.Build.0 = Debug|Any CPU
		{C599504E-2DB7-48F0-BD2B-01155A59EDD6}.Release|Any CPU.ActiveCfg = Release|Any CPU
		{C599504E-2DB7-48F0-BD2B-01155A59EDD6}.Release|Any CPU.Build.0 = Release|Any CPU
		{56EA9831-DDE8-4F74-B235-18819C18CA77}.Debug|Any CPU.ActiveCfg = Debug|Any CPU
		{56EA9831-DDE8-4F74-B235-18819C18CA77}.Debug|Any CPU.Build.0 = Debug|Any CPU
		{56EA9831-DDE8-4F74-B235-18819C18CA77}.Release|Any CPU.ActiveCfg = Release|Any CPU
		{56EA9831-DDE8-4F74-B235-18819C18CA77}.Release|Any CPU.Build.0 = Release|Any CPU
	EndGlobalSection
	GlobalSection(SolutionProperties) = preSolution
		HideSolutionNode = FALSE
	EndGlobalSection
	GlobalSection(NestedProjects) = preSolution
		{2B1F0D59-5EAF-496D-8A37-9B91C91A0021} = {E5C314AD-994B-4620-9A4F-C242854C818C}
		{5342CEC9-5E78-4938-91F4-3FBD24994504} = {E5C314AD-994B-4620-9A4F-C242854C818C}
		{88016B01-5B1D-4230-9AE0-79734FAA7FCC} = {E5C314AD-994B-4620-9A4F-C242854C818C}
		{8E3FF6CB-D289-4834-83E6-1395287E5909} = {E5C314AD-994B-4620-9A4F-C242854C818C}
		{99811EF8-1889-42E6-8B58-B1DAA32F589F} = {E5C314AD-994B-4620-9A4F-C242854C818C}
		{33730B5A-0DC3-43E8-8CE2-7D9BADCEA3DD} = {E5C314AD-994B-4620-9A4F-C242854C818C}
		{0B166B4E-726D-4194-99E2-F41579981135} = {E5C314AD-994B-4620-9A4F-C242854C818C}
		{0BCFF096-8999-4B43-8A97-369755286ABA} = {E5C314AD-994B-4620-9A4F-C242854C818C}
		{7B62F7D1-4190-4A65-8F4B-E45C329364AE} = {E5C314AD-994B-4620-9A4F-C242854C818C}
		{52C235CA-C753-44ED-8E73-B31DCF5D5536} = {E5C314AD-994B-4620-9A4F-C242854C818C}
		{D0A6827B-D596-4B2A-B5A6-225CB899642E} = {E5C314AD-994B-4620-9A4F-C242854C818C}
		{D2137C63-A020-42C2-B714-11A335544445} = {E5C314AD-994B-4620-9A4F-C242854C818C}
		{F527CB00-98E3-4865-90B5-B88047A0BDDD} = {E5C314AD-994B-4620-9A4F-C242854C818C}
		{85FF6EB1-F1CB-457E-95F3-B401324C4472} = {E5C314AD-994B-4620-9A4F-C242854C818C}
		{05B7EE4B-D2A6-41F3-B100-14CF70E23836} = {E5C314AD-994B-4620-9A4F-C242854C818C}
		{BABD4B53-77DA-4460-9091-EACBF5BBE38C} = {E5C314AD-994B-4620-9A4F-C242854C818C}
		{B54900B3-9B5B-4CDB-95CA-D0813AFC3FA6} = {E5C314AD-994B-4620-9A4F-C242854C818C}
		{321A0DCD-30B0-4229-A08D-09CA058AB502} = {E5C314AD-994B-4620-9A4F-C242854C818C}
		{D9733CE7-E956-4658-A82D-484778A39DA6} = {E5C314AD-994B-4620-9A4F-C242854C818C}
		{B023683A-6328-4EF3-AFA6-86D65363352E} = {E5C314AD-994B-4620-9A4F-C242854C818C}
		{5170C9CB-805E-4D62-9A5E-5237F261EC76} = {E5C314AD-994B-4620-9A4F-C242854C818C}
		{4C6BE94E-5672-4264-B5EF-04236659B333} = {E5C314AD-994B-4620-9A4F-C242854C818C}
		{B68F564A-BE06-4420-954F-BE8F89AD75DC} = {E5C314AD-994B-4620-9A4F-C242854C818C}
		{CB761E2A-A562-490A-B2D0-C2586CCEA959} = {E5C314AD-994B-4620-9A4F-C242854C818C}
		{F5F6746E-92B4-422E-B9D7-DC652C42964F} = {E5C314AD-994B-4620-9A4F-C242854C818C}
		{5BAD4D7E-543C-44EB-AE19-068F45843D8C} = {E5C314AD-994B-4620-9A4F-C242854C818C}
		{E00BBC2D-0BDC-4129-AA63-EA7FB77E922E} = {E5C314AD-994B-4620-9A4F-C242854C818C}
		{CE432981-160E-4267-8AE1-5D434DC07494} = {E5C314AD-994B-4620-9A4F-C242854C818C}
		{93A9E677-C006-45A3-BB40-3365357A4EC5} = {E5C314AD-994B-4620-9A4F-C242854C818C}
		{C599504E-2DB7-48F0-BD2B-01155A59EDD6} = {E5C314AD-994B-4620-9A4F-C242854C818C}
		{56EA9831-DDE8-4F74-B235-18819C18CA77} = {E5C314AD-994B-4620-9A4F-C242854C818C}
	EndGlobalSection
	GlobalSection(ExtensibilityGlobals) = postSolution
		SolutionGuid = {3B6099EB-6CB7-49C5-B3F8-C0DF785EE456}
	EndGlobalSection
EndGlobal
